// !$*UTF8*$!
{
	archiveVersion = 1;
	classes = {
	};
	objectVersion = 50;
	objects = {

/* Begin PBXBuildFile section */
		AD1B5A45249A3064006F3745 /* AppDelegate.swift in Sources */ = {isa = PBXBuildFile; fileRef = AD1B5A44249A3064006F3745 /* AppDelegate.swift */; };
		AD1B5A47249A3064006F3745 /* SceneDelegate.swift in Sources */ = {isa = PBXBuildFile; fileRef = AD1B5A46249A3064006F3745 /* SceneDelegate.swift */; };
		AD1B5A49249A3064006F3745 /* ViewController.swift in Sources */ = {isa = PBXBuildFile; fileRef = AD1B5A48249A3064006F3745 /* ViewController.swift */; };
		AD1B5A4C249A3064006F3745 /* Main.storyboard in Resources */ = {isa = PBXBuildFile; fileRef = AD1B5A4A249A3064006F3745 /* Main.storyboard */; };
		AD1B5A4E249A3065006F3745 /* Assets.xcassets in Resources */ = {isa = PBXBuildFile; fileRef = AD1B5A4D249A3065006F3745 /* Assets.xcassets */; };
		AD1B5A51249A3065006F3745 /* LaunchScreen.storyboard in Resources */ = {isa = PBXBuildFile; fileRef = AD1B5A4F249A3065006F3745 /* LaunchScreen.storyboard */; };
/* End PBXBuildFile section */

/* Begin PBXFileReference section */
		AD1B5A41249A3064006F3745 /* RoyalKeep.app */ = {isa = PBXFileReference; explicitFileType = wrapper.application; includeInIndex = 0; path = RoyalKeep.app; sourceTree = BUILT_PRODUCTS_DIR; };
		AD1B5A44249A3064006F3745 /* AppDelegate.swift */ = {isa = PBXFileReference; lastKnownFileType = sourcecode.swift; path = AppDelegate.swift; sourceTree = "<group>"; };
		AD1B5A46249A3064006F3745 /* SceneDelegate.swift */ = {isa = PBXFileReference; lastKnownFileType = sourcecode.swift; path = SceneDelegate.swift; sourceTree = "<group>"; };
		AD1B5A48249A3064006F3745 /* ViewController.swift */ = {isa = PBXFileReference; lastKnownFileType = sourcecode.swift; path = ViewController.swift; sourceTree = "<group>"; };
		AD1B5A4B249A3064006F3745 /* Base */ = {isa = PBXFileReference; lastKnownFileType = file.storyboard; name = Base; path = Base.lproj/Main.storyboard; sourceTree = "<group>"; };
		AD1B5A4D249A3065006F3745 /* Assets.xcassets */ = {isa = PBXFileReference; lastKnownFileType = folder.assetcatalog; path = Assets.xcassets; sourceTree = "<group>"; };
		AD1B5A50249A3065006F3745 /* Base */ = {isa = PBXFileReference; lastKnownFileType = file.storyboard; name = Base; path = Base.lproj/LaunchScreen.storyboard; sourceTree = "<group>"; };
		AD1B5A52249A3065006F3745 /* Info.plist */ = {isa = PBXFileReference; lastKnownFileType = text.plist.xml; path = Info.plist; sourceTree = "<group>"; };
/* End PBXFileReference section */

/* Begin PBXFrameworksBuildPhase section */
		AD1B5A3E249A3064006F3745 /* Frameworks */ = {
			isa = PBXFrameworksBuildPhase;
			buildActionMask = 2147483647;
			files = (
			);
			runOnlyForDeploymentPostprocessing = 0;
		};
/* End PBXFrameworksBuildPhase section */

/* Begin PBXGroup section */
		AD1B5A38249A3064006F3745 = {
			isa = PBXGroup;
			children = (
				AD1B5A43249A3064006F3745 /* RoyalKeep */,
				AD1B5A42249A3064006F3745 /* Products */,
			);
			sourceTree = "<group>";
		};
		AD1B5A42249A3064006F3745 /* Products */ = {
			isa = PBXGroup;
			children = (
				AD1B5A41249A3064006F3745 /* RoyalKeep.app */,
			);
			name = Products;
			sourceTree = "<group>";
		};
		AD1B5A43249A3064006F3745 /* RoyalKeep */ = {
			isa = PBXGroup;
			children = (
				AD1B5A44249A3064006F3745 /* AppDelegate.swift */,
				AD1B5A46249A3064006F3745 /* SceneDelegate.swift */,
				AD1B5A48249A3064006F3745 /* ViewController.swift */,
				AD1B5A4A249A3064006F3745 /* Main.storyboard */,
				AD1B5A4D249A3065006F3745 /* Assets.xcassets */,
				AD1B5A4F249A3065006F3745 /* LaunchScreen.storyboard */,
				AD1B5A52249A3065006F3745 /* Info.plist */,
			);
			path = RoyalKeep;
			sourceTree = "<group>";
		};
/* End PBXGroup section */

/* Begin PBXNativeTarget section */
		AD1B5A40249A3064006F3745 /* RoyalKeep */ = {
			isa = PBXNativeTarget;
			buildConfigurationList = AD1B5A55249A3065006F3745 /* Build configuration list for PBXNativeTarget "RoyalKeep" */;
			buildPhases = (
				AD1B5A3D249A3064006F3745 /* Sources */,
				AD1B5A3E249A3064006F3745 /* Frameworks */,
				AD1B5A3F249A3064006F3745 /* Resources */,
			);
			buildRules = (
			);
			dependencies = (
			);
			name = RoyalKeep;
			productName = RoyalKeep;
			productReference = AD1B5A41249A3064006F3745 /* RoyalKeep.app */;
			productType = "com.apple.product-type.application";
		};
/* End PBXNativeTarget section */

/* Begin PBXProject section */
		AD1B5A39249A3064006F3745 /* Project object */ = {
			isa = PBXProject;
			attributes = {
				LastSwiftUpdateCheck = 1140;
				LastUpgradeCheck = 1140;
				ORGANIZATIONNAME = "Deep Minds";
				TargetAttributes = {
					AD1B5A40249A3064006F3745 = {
						CreatedOnToolsVersion = 11.4.1;
					};
				};
			};
			buildConfigurationList = AD1B5A3C249A3064006F3745 /* Build configuration list for PBXProject "RoyalKeep" */;
			compatibilityVersion = "Xcode 9.3";
			developmentRegion = en;
			hasScannedForEncodings = 0;
			knownRegions = (
				en,
				Base,
			);
			mainGroup = AD1B5A38249A3064006F3745;
			productRefGroup = AD1B5A42249A3064006F3745 /* Products */;
			projectDirPath = "";
			projectRoot = "";
			targets = (
				AD1B5A40249A3064006F3745 /* RoyalKeep */,
			);
		};
/* End PBXProject section */

/* Begin PBXResourcesBuildPhase section */
		AD1B5A3F249A3064006F3745 /* Resources */ = {
			isa = PBXResourcesBuildPhase;
			buildActionMask = 2147483647;
			files = (
				AD1B5A51249A3065006F3745 /* LaunchScreen.storyboard in Resources */,
				AD1B5A4E249A3065006F3745 /* Assets.xcassets in Resources */,
				AD1B5A4C249A3064006F3745 /* Main.storyboard in Resources */,
			);
			runOnlyForDeploymentPostprocessing = 0;
		};
/* End PBXResourcesBuildPhase section */

/* Begin PBXSourcesBuildPhase section */
		AD1B5A3D249A3064006F3745 /* Sources */ = {
			isa = PBXSourcesBuildPhase;
			buildActionMask = 2147483647;
			files = (
				AD1B5A49249A3064006F3745 /* ViewController.swift in Sources */,
				AD1B5A45249A3064006F3745 /* AppDelegate.swift in Sources */,
				AD1B5A47249A3064006F3745 /* SceneDelegate.swift in Sources */,
			);
			runOnlyForDeploymentPostprocessing = 0;
		};
/* End PBXSourcesBuildPhase section */

/* Begin PBXVariantGroup section */
		AD1B5A4A249A3064006F3745 /* Main.storyboard */ = {
			isa = PBXVariantGroup;
			children = (
				AD1B5A4B249A3064006F3745 /* Base */,
			);
			name = Main.storyboard;
			sourceTree = "<group>";
		};
		AD1B5A4F249A3065006F3745 /* LaunchScreen.storyboard */ = {
			isa = PBXVariantGroup;
			children = (
				AD1B5A50249A3065006F3745 /* Base */,
			);
			name = LaunchScreen.storyboard;
			sourceTree = "<group>";
		};
/* End PBXVariantGroup section */

/* Begin XCBuildConfiguration section */
		AD1B5A53249A3065006F3745 /* Debug */ = {
			isa = XCBuildConfiguration;
			buildSettings = {
				ALWAYS_SEARCH_USER_PATHS = NO;
				CLANG_ANALYZER_NONNULL = YES;
				CLANG_ANALYZER_NUMBER_OBJECT_CONVERSION = YES_AGGRESSIVE;
				CLANG_CXX_LANGUAGE_STANDARD = "gnu++14";
				CLANG_CXX_LIBRARY = "libc++";
				CLANG_ENABLE_MODULES = YES;
				CLANG_ENABLE_OBJC_ARC = YES;
				CLANG_ENABLE_OBJC_WEAK = YES;
				CLANG_WARN_BLOCK_CAPTURE_AUTORELEASING = YES;
				CLANG_WARN_BOOL_CONVERSION = YES;
				CLANG_WARN_COMMA = YES;
				CLANG_WARN_CONSTANT_CONVERSION = YES;
				CLANG_WARN_DEPRECATED_OBJC_IMPLEMENTATIONS = YES;
				CLANG_WARN_DIRECT_OBJC_ISA_USAGE = YES_ERROR;
				CLANG_WARN_DOCUMENTATION_COMMENTS = YES;
				CLANG_WARN_EMPTY_BODY = YES;
				CLANG_WARN_ENUM_CONVERSION = YES;
				CLANG_WARN_INFINITE_RECURSION = YES;
				CLANG_WARN_INT_CONVERSION = YES;
				CLANG_WARN_NON_LITERAL_NULL_CONVERSION = YES;
				CLANG_WARN_OBJC_IMPLICIT_RETAIN_SELF = YES;
				CLANG_WARN_OBJC_LITERAL_CONVERSION = YES;
				CLANG_WARN_OBJC_ROOT_CLASS = YES_ERROR;
				CLANG_WARN_RANGE_LOOP_ANALYSIS = YES;
				CLANG_WARN_STRICT_PROTOTYPES = YES;
				CLANG_WARN_SUSPICIOUS_MOVE = YES;
				CLANG_WARN_UNGUARDED_AVAILABILITY = YES_AGGRESSIVE;
				CLANG_WARN_UNREACHABLE_CODE = YES;
				CLANG_WARN__DUPLICATE_METHOD_MATCH = YES;
				COPY_PHASE_STRIP = NO;
				DEBUG_INFORMATION_FORMAT = dwarf;
				ENABLE_STRICT_OBJC_MSGSEND = YES;
				ENABLE_TESTABILITY = YES;
				GCC_C_LANGUAGE_STANDARD = gnu11;
				GCC_DYNAMIC_NO_PIC = NO;
				GCC_NO_COMMON_BLOCKS = YES;
				GCC_OPTIMIZATION_LEVEL = 0;
				GCC_PREPROCESSOR_DEFINITIONS = (
					"DEBUG=1",
					"$(inherited)",
				);
				GCC_WARN_64_TO_32_BIT_CONVERSION = YES;
				GCC_WARN_ABOUT_RETURN_TYPE = YES_ERROR;
				GCC_WARN_UNDECLARED_SELECTOR = YES;
				GCC_WARN_UNINITIALIZED_AUTOS = YES_AGGRESSIVE;
				GCC_WARN_UNUSED_FUNCTION = YES;
				GCC_WARN_UNUSED_VARIABLE = YES;
				IPHONEOS_DEPLOYMENT_TARGET = 13.4;
				MTL_ENABLE_DEBUG_INFO = INCLUDE_SOURCE;
				MTL_FAST_MATH = YES;
				ONLY_ACTIVE_ARCH = YES;
				SDKROOT = iphoneos;
				SWIFT_ACTIVE_COMPILATION_CONDITIONS = DEBUG;
				SWIFT_OPTIMIZATION_LEVEL = "-Onone";
			};
			name = Debug;
		};
		AD1B5A54249A3065006F3745 /* Release */ = {
			isa = XCBuildConfiguration;
			buildSettings = {
				ALWAYS_SEARCH_USER_PATHS = NO;
				CLANG_ANALYZER_NONNULL = YES;
				CLANG_ANALYZER_NUMBER_OBJECT_CONVERSION = YES_AGGRESSIVE;
				CLANG_CXX_LANGUAGE_STANDARD = "gnu++14";
				CLANG_CXX_LIBRARY = "libc++";
				CLANG_ENABLE_MODULES = YES;
				CLANG_ENABLE_OBJC_ARC = YES;
				CLANG_ENABLE_OBJC_WEAK = YES;
				CLANG_WARN_BLOCK_CAPTURE_AUTORELEASING = YES;
				CLANG_WARN_BOOL_CONVERSION = YES;
				CLANG_WARN_COMMA = YES;
				CLANG_WARN_CONSTANT_CONVERSION = YES;
				CLANG_WARN_DEPRECATED_OBJC_IMPLEMENTATIONS = YES;
				CLANG_WARN_DIRECT_OBJC_ISA_USAGE = YES_ERROR;
				CLANG_WARN_DOCUMENTATION_COMMENTS = YES;
				CLANG_WARN_EMPTY_BODY = YES;
				CLANG_WARN_ENUM_CONVERSION = YES;
				CLANG_WARN_INFINITE_RECURSION = YES;
				CLANG_WARN_INT_CONVERSION = YES;
				CLANG_WARN_NON_LITERAL_NULL_CONVERSION = YES;
				CLANG_WARN_OBJC_IMPLICIT_RETAIN_SELF = YES;
				CLANG_WARN_OBJC_LITERAL_CONVERSION = YES;
				CLANG_WARN_OBJC_ROOT_CLASS = YES_ERROR;
				CLANG_WARN_RANGE_LOOP_ANALYSIS = YES;
				CLANG_WARN_STRICT_PROTOTYPES = YES;
				CLANG_WARN_SUSPICIOUS_MOVE = YES;
				CLANG_WARN_UNGUARDED_AVAILABILITY = YES_AGGRESSIVE;
				CLANG_WARN_UNREACHABLE_CODE = YES;
				CLANG_WARN__DUPLICATE_METHOD_MATCH = YES;
				COPY_PHASE_STRIP = NO;
				DEBUG_INFORMATION_FORMAT = "dwarf-with-dsym";
				ENABLE_NS_ASSERTIONS = NO;
				ENABLE_STRICT_OBJC_MSGSEND = YES;
				GCC_C_LANGUAGE_STANDARD = gnu11;
				GCC_NO_COMMON_BLOCKS = YES;
				GCC_WARN_64_TO_32_BIT_CONVERSION = YES;
				GCC_WARN_ABOUT_RETURN_TYPE = YES_ERROR;
				GCC_WARN_UNDECLARED_SELECTOR = YES;
				GCC_WARN_UNINITIALIZED_AUTOS = YES_AGGRESSIVE;
				GCC_WARN_UNUSED_FUNCTION = YES;
				GCC_WARN_UNUSED_VARIABLE = YES;
				IPHONEOS_DEPLOYMENT_TARGET = 13.4;
				MTL_ENABLE_DEBUG_INFO = NO;
				MTL_FAST_MATH = YES;
				SDKROOT = iphoneos;
				SWIFT_COMPILATION_MODE = wholemodule;
				SWIFT_OPTIMIZATION_LEVEL = "-O";
				VALIDATE_PRODUCT = YES;
			};
			name = Release;
		};
		AD1B5A56249A3065006F3745 /* Debug */ = {
			isa = XCBuildConfiguration;
			buildSettings = {
				ASSETCATALOG_COMPILER_APPICON_NAME = AppIcon;
				CODE_SIGN_STYLE = Automatic;
				DEVELOPMENT_TEAM = 6SATG7KMX7;
				INFOPLIST_FILE = RoyalKeep/Info.plist;
				LD_RUNPATH_SEARCH_PATHS = (
					"$(inherited)",
					"@executable_path/Frameworks",
				);
				PRODUCT_BUNDLE_IDENTIFIER = com.DeepMinds.RoyalKeep;
				PRODUCT_NAME = "$(TARGET_NAME)";
				SWIFT_VERSION = 5.0;
				TARGETED_DEVICE_FAMILY = "1,2";
			};
			name = Debug;
		};
		AD1B5A57249A3065006F3745 /* Release */ = {
			isa = XCBuildConfiguration;
			buildSettings = {
				ASSETCATALOG_COMPILER_APPICON_NAME = AppIcon;
				CODE_SIGN_STYLE = Automatic;
				DEVELOPMENT_TEAM = 6SATG7KMX7;
				INFOPLIST_FILE = RoyalKeep/Info.plist;
				LD_RUNPATH_SEARCH_PATHS = (
					"$(inherited)",
					"@executable_path/Frameworks",
				);
				PRODUCT_BUNDLE_IDENTIFIER = com.DeepMinds.RoyalKeep;
				PRODUCT_NAME = "$(TARGET_NAME)";
				SWIFT_VERSION = 5.0;
				TARGETED_DEVICE_FAMILY = "1,2";
			};
			name = Release;
		};
/* End XCBuildConfiguration section */

/* Begin XCConfigurationList section */
		AD1B5A3C249A3064006F3745 /* Build configuration list for PBXProject "RoyalKeep" */ = {
			isa = XCConfigurationList;
			buildConfigurations = (
				AD1B5A53249A3065006F3745 /* Debug */,
				AD1B5A54249A3065006F3745 /* Release */,
			);
			defaultConfigurationIsVisible = 0;
			defaultConfigurationName = Release;
		};
		AD1B5A55249A3065006F3745 /* Build configuration list for PBXNativeTarget "RoyalKeep" */ = {
			isa = XCConfigurationList;
			buildConfigurations = (
				AD1B5A56249A3065006F3745 /* Debug */,
				AD1B5A57249A3065006F3745 /* Release */,
			);
			defaultConfigurationIsVisible = 0;
			defaultConfigurationName = Release;
		};
/* End XCConfigurationList section */
	};
	rootObject = AD1B5A39249A3064006F3745 /* Project object */;
}
